// !$*UTF8*$!
{
	archiveVersion = 1;
	classes = {
	};
	objectVersion = 46;
	objects = {

/* Begin PBXBuildFile section */
		335606F51B2E067100A4546E /* ChartView.m in Sources */ = {isa = PBXBuildFile; fileRef = 335606F41B2E067100A4546E /* ChartView.m */; };
		335606FE1B2E1EF700A4546E /* ParseService.m in Sources */ = {isa = PBXBuildFile; fileRef = 335606FB1B2E1EF700A4546E /* ParseService.m */; };
		335606FF1B2E1EF700A4546E /* UserDataServiceManager.m in Sources */ = {isa = PBXBuildFile; fileRef = 335606FD1B2E1EF700A4546E /* UserDataServiceManager.m */; };
		335607091B2E220500A4546E /* ParseParser.m in Sources */ = {isa = PBXBuildFile; fileRef = 335607081B2E220500A4546E /* ParseParser.m */; };
		3356070C1B2E227600A4546E /* UserActivity.m in Sources */ = {isa = PBXBuildFile; fileRef = 3356070B1B2E227600A4546E /* UserActivity.m */; };
		338424151B2ADF00002C7E1F /* ParseUI.framework in Frameworks */ = {isa = PBXBuildFile; fileRef = 338424141B2ADF00002C7E1F /* ParseUI.framework */; };
		33A993201B2AEA660047C256 /* ActivityViewCell.m in Sources */ = {isa = PBXBuildFile; fileRef = 33A9931F1B2AEA660047C256 /* ActivityViewCell.m */; };
		33D5BD681B30077C00968E85 /* UALoginViewController.m in Sources */ = {isa = PBXBuildFile; fileRef = 33D5BD671B30077C00968E85 /* UALoginViewController.m */; };
		33D5BD711B39687700968E85 /* UAModel.m in Sources */ = {isa = PBXBuildFile; fileRef = 33D5BD701B39687700968E85 /* UAModel.m */; };
		33D5BD741B3985F900968E85 /* UASelectDateViewController.m in Sources */ = {isa = PBXBuildFile; fileRef = 33D5BD731B3985F900968E85 /* UASelectDateViewController.m */; };
		33E1B1001B28A01800B10155 /* main.m in Sources */ = {isa = PBXBuildFile; fileRef = 33E1B0FF1B28A01800B10155 /* main.m */; };
		33E1B1031B28A01800B10155 /* AppDelegate.m in Sources */ = {isa = PBXBuildFile; fileRef = 33E1B1021B28A01800B10155 /* AppDelegate.m */; };
		33E1B1061B28A01800B10155 /* UAViewController.m in Sources */ = {isa = PBXBuildFile; fileRef = 33E1B1051B28A01800B10155 /* UAViewController.m */; };
		33E1B1091B28A01800B10155 /* Main.storyboard in Resources */ = {isa = PBXBuildFile; fileRef = 33E1B1071B28A01800B10155 /* Main.storyboard */; };
		33E1B10B1B28A01800B10155 /* Images.xcassets in Resources */ = {isa = PBXBuildFile; fileRef = 33E1B10A1B28A01800B10155 /* Images.xcassets */; };
		33E1B10E1B28A01800B10155 /* LaunchScreen.xib in Resources */ = {isa = PBXBuildFile; fileRef = 33E1B10C1B28A01800B10155 /* LaunchScreen.xib */; };
		33E1B11A1B28A01900B10155 /* UserActivityTests.m in Sources */ = {isa = PBXBuildFile; fileRef = 33E1B1191B28A01900B10155 /* UserActivityTests.m */; };
		33E1B1261B28A05F00B10155 /* Bolts.framework in Frameworks */ = {isa = PBXBuildFile; fileRef = 33E1B1241B28A05F00B10155 /* Bolts.framework */; };
		33E1B1271B28A05F00B10155 /* Parse.framework in Frameworks */ = {isa = PBXBuildFile; fileRef = 33E1B1251B28A05F00B10155 /* Parse.framework */; };
		33E1B1291B28A06600B10155 /* AudioToolbox.framework in Frameworks */ = {isa = PBXBuildFile; fileRef = 33E1B1281B28A06600B10155 /* AudioToolbox.framework */; };
		33E1B12B1B28A0A900B10155 /* CFNetwork.framework in Frameworks */ = {isa = PBXBuildFile; fileRef = 33E1B12A1B28A0A900B10155 /* CFNetwork.framework */; };
		33E1B12D1B28A0AF00B10155 /* CoreGraphics.framework in Frameworks */ = {isa = PBXBuildFile; fileRef = 33E1B12C1B28A0AF00B10155 /* CoreGraphics.framework */; };
		33E1B12F1B28A0BE00B10155 /* CoreLocation.framework in Frameworks */ = {isa = PBXBuildFile; fileRef = 33E1B12E1B28A0BE00B10155 /* CoreLocation.framework */; };
		33E1B1311B28A0C800B10155 /* MobileCoreServices.framework in Frameworks */ = {isa = PBXBuildFile; fileRef = 33E1B1301B28A0C800B10155 /* MobileCoreServices.framework */; };
		33E1B1331B28A0CF00B10155 /* QuartzCore.framework in Frameworks */ = {isa = PBXBuildFile; fileRef = 33E1B1321B28A0CF00B10155 /* QuartzCore.framework */; };
		33E1B1351B28A0D500B10155 /* Security.framework in Frameworks */ = {isa = PBXBuildFile; fileRef = 33E1B1341B28A0D500B10155 /* Security.framework */; };
		33E1B1391B28A0E200B10155 /* SystemConfiguration.framework in Frameworks */ = {isa = PBXBuildFile; fileRef = 33E1B1381B28A0E200B10155 /* SystemConfiguration.framework */; };
		33E1B13B1B28A0E800B10155 /* libz.dylib in Frameworks */ = {isa = PBXBuildFile; fileRef = 33E1B13A1B28A0E800B10155 /* libz.dylib */; };
		33E1B13D1B28A0EE00B10155 /* libsqlite3.dylib in Frameworks */ = {isa = PBXBuildFile; fileRef = 33E1B13C1B28A0EE00B10155 /* libsqlite3.dylib */; };
		33E1B13F1B28A0F300B10155 /* Accounts.framework in Frameworks */ = {isa = PBXBuildFile; fileRef = 33E1B13E1B28A0F300B10155 /* Accounts.framework */; };
		33E1B1411B28A0F700B10155 /* Social.framework in Frameworks */ = {isa = PBXBuildFile; fileRef = 33E1B1401B28A0F700B10155 /* Social.framework */; };
/* End PBXBuildFile section */

/* Begin PBXContainerItemProxy section */
		33E1B1141B28A01900B10155 /* PBXContainerItemProxy */ = {
			isa = PBXContainerItemProxy;
			containerPortal = 33E1B0F21B28A01800B10155 /* Project object */;
			proxyType = 1;
			remoteGlobalIDString = 33E1B0F91B28A01800B10155;
			remoteInfo = UserActivity;
		};
/* End PBXContainerItemProxy section */

/* Begin PBXFileReference section */
		335606F31B2E067100A4546E /* ChartView.h */ = {isa = PBXFileReference; fileEncoding = 4; lastKnownFileType = sourcecode.c.h; name = ChartView.h; path = View/ChartView.h; sourceTree = "<group>"; };
		335606F41B2E067100A4546E /* ChartView.m */ = {isa = PBXFileReference; fileEncoding = 4; lastKnownFileType = sourcecode.c.objc; name = ChartView.m; path = View/ChartView.m; sourceTree = "<group>"; };
		335606F91B2E1EF700A4546E /* DataServiceProtocol.h */ = {isa = PBXFileReference; fileEncoding = 4; lastKnownFileType = sourcecode.c.h; name = DataServiceProtocol.h; path = Model/DataServiceProtocol.h; sourceTree = "<group>"; };
		335606FA1B2E1EF700A4546E /* ParseService.h */ = {isa = PBXFileReference; fileEncoding = 4; lastKnownFileType = sourcecode.c.h; name = ParseService.h; path = Model/ParseService.h; sourceTree = "<group>"; };
		335606FB1B2E1EF700A4546E /* ParseService.m */ = {isa = PBXFileReference; fileEncoding = 4; lastKnownFileType = sourcecode.c.objc; name = ParseService.m; path = Model/ParseService.m; sourceTree = "<group>"; };
		335606FC1B2E1EF700A4546E /* UserDataServiceManager.h */ = {isa = PBXFileReference; fileEncoding = 4; lastKnownFileType = sourcecode.c.h; name = UserDataServiceManager.h; path = Model/UserDataServiceManager.h; sourceTree = "<group>"; };
		335606FD1B2E1EF700A4546E /* UserDataServiceManager.m */ = {isa = PBXFileReference; fileEncoding = 4; lastKnownFileType = sourcecode.c.objc; name = UserDataServiceManager.m; path = Model/UserDataServiceManager.m; sourceTree = "<group>"; };
		335607061B2E21CB00A4546E /* ParserProtocol.h */ = {isa = PBXFileReference; fileEncoding = 4; lastKnownFileType = sourcecode.c.h; name = ParserProtocol.h; path = Model/ParserProtocol.h; sourceTree = "<group>"; };
		335607071B2E220500A4546E /* ParseParser.h */ = {isa = PBXFileReference; fileEncoding = 4; lastKnownFileType = sourcecode.c.h; name = ParseParser.h; path = Model/ParseParser.h; sourceTree = "<group>"; };
		335607081B2E220500A4546E /* ParseParser.m */ = {isa = PBXFileReference; fileEncoding = 4; lastKnownFileType = sourcecode.c.objc; name = ParseParser.m; path = Model/ParseParser.m; sourceTree = "<group>"; };
		3356070A1B2E227600A4546E /* UserActivity.h */ = {isa = PBXFileReference; fileEncoding = 4; lastKnownFileType = sourcecode.c.h; name = UserActivity.h; path = Model/UserActivity.h; sourceTree = "<group>"; };
		3356070B1B2E227600A4546E /* UserActivity.m */ = {isa = PBXFileReference; fileEncoding = 4; lastKnownFileType = sourcecode.c.objc; name = UserActivity.m; path = Model/UserActivity.m; sourceTree = "<group>"; };
		338424141B2ADF00002C7E1F /* ParseUI.framework */ = {isa = PBXFileReference; lastKnownFileType = wrapper.framework; path = ParseUI.framework; sourceTree = "<group>"; };
		33A9931E1B2AEA660047C256 /* ActivityViewCell.h */ = {isa = PBXFileReference; fileEncoding = 4; lastKnownFileType = sourcecode.c.h; name = ActivityViewCell.h; path = View/ActivityViewCell.h; sourceTree = "<group>"; };
		33A9931F1B2AEA660047C256 /* ActivityViewCell.m */ = {isa = PBXFileReference; fileEncoding = 4; lastKnownFileType = sourcecode.c.objc; name = ActivityViewCell.m; path = View/ActivityViewCell.m; sourceTree = "<group>"; };
		33D5BD661B30077C00968E85 /* UALoginViewController.h */ = {isa = PBXFileReference; fileEncoding = 4; lastKnownFileType = sourcecode.c.h; name = UALoginViewController.h; path = View/UALoginViewController.h; sourceTree = "<group>"; };
		33D5BD671B30077C00968E85 /* UALoginViewController.m */ = {isa = PBXFileReference; fileEncoding = 4; lastKnownFileType = sourcecode.c.objc; name = UALoginViewController.m; path = View/UALoginViewController.m; sourceTree = "<group>"; };
		33D5BD6F1B39687700968E85 /* UAModel.h */ = {isa = PBXFileReference; fileEncoding = 4; lastKnownFileType = sourcecode.c.h; name = UAModel.h; path = Model/UAModel.h; sourceTree = "<group>"; };
		33D5BD701B39687700968E85 /* UAModel.m */ = {isa = PBXFileReference; fileEncoding = 4; lastKnownFileType = sourcecode.c.objc; name = UAModel.m; path = Model/UAModel.m; sourceTree = "<group>"; };
		33D5BD721B3985F900968E85 /* UASelectDateViewController.h */ = {isa = PBXFileReference; fileEncoding = 4; lastKnownFileType = sourcecode.c.h; path = UASelectDateViewController.h; sourceTree = "<group>"; };
		33D5BD731B3985F900968E85 /* UASelectDateViewController.m */ = {isa = PBXFileReference; fileEncoding = 4; lastKnownFileType = sourcecode.c.objc; path = UASelectDateViewController.m; sourceTree = "<group>"; };
		33E1B0FA1B28A01800B10155 /* UserActivity.app */ = {isa = PBXFileReference; explicitFileType = wrapper.application; includeInIndex = 0; path = UserActivity.app; sourceTree = BUILT_PRODUCTS_DIR; };
		33E1B0FE1B28A01800B10155 /* Info.plist */ = {isa = PBXFileReference; lastKnownFileType = text.plist.xml; path = Info.plist; sourceTree = "<group>"; };
		33E1B0FF1B28A01800B10155 /* main.m */ = {isa = PBXFileReference; lastKnownFileType = sourcecode.c.objc; path = main.m; sourceTree = "<group>"; };
		33E1B1011B28A01800B10155 /* AppDelegate.h */ = {isa = PBXFileReference; lastKnownFileType = sourcecode.c.h; path = AppDelegate.h; sourceTree = "<group>"; };
		33E1B1021B28A01800B10155 /* AppDelegate.m */ = {isa = PBXFileReference; lastKnownFileType = sourcecode.c.objc; path = AppDelegate.m; sourceTree = "<group>"; };
		33E1B1041B28A01800B10155 /* UAViewController.h */ = {isa = PBXFileReference; lastKnownFileType = sourcecode.c.h; path = UAViewController.h; sourceTree = "<group>"; };
		33E1B1051B28A01800B10155 /* UAViewController.m */ = {isa = PBXFileReference; lastKnownFileType = sourcecode.c.objc; path = UAViewController.m; sourceTree = "<group>"; };
		33E1B1081B28A01800B10155 /* Base */ = {isa = PBXFileReference; lastKnownFileType = file.storyboard; name = Base; path = Base.lproj/Main.storyboard; sourceTree = "<group>"; };
		33E1B10A1B28A01800B10155 /* Images.xcassets */ = {isa = PBXFileReference; lastKnownFileType = folder.assetcatalog; path = Images.xcassets; sourceTree = "<group>"; };
		33E1B10D1B28A01800B10155 /* Base */ = {isa = PBXFileReference; lastKnownFileType = file.xib; name = Base; path = Base.lproj/LaunchScreen.xib; sourceTree = "<group>"; };
		33E1B1131B28A01900B10155 /* UserActivityTests.xctest */ = {isa = PBXFileReference; explicitFileType = wrapper.cfbundle; includeInIndex = 0; path = UserActivityTests.xctest; sourceTree = BUILT_PRODUCTS_DIR; };
		33E1B1181B28A01900B10155 /* Info.plist */ = {isa = PBXFileReference; lastKnownFileType = text.plist.xml; path = Info.plist; sourceTree = "<group>"; };
		33E1B1191B28A01900B10155 /* UserActivityTests.m */ = {isa = PBXFileReference; lastKnownFileType = sourcecode.c.objc; path = UserActivityTests.m; sourceTree = "<group>"; };
		33E1B1241B28A05F00B10155 /* Bolts.framework */ = {isa = PBXFileReference; lastKnownFileType = wrapper.framework; path = Bolts.framework; sourceTree = "<group>"; };
		33E1B1251B28A05F00B10155 /* Parse.framework */ = {isa = PBXFileReference; lastKnownFileType = wrapper.framework; path = Parse.framework; sourceTree = "<group>"; };
		33E1B1281B28A06600B10155 /* AudioToolbox.framework */ = {isa = PBXFileReference; lastKnownFileType = wrapper.framework; name = AudioToolbox.framework; path = System/Library/Frameworks/AudioToolbox.framework; sourceTree = SDKROOT; };
		33E1B12A1B28A0A900B10155 /* CFNetwork.framework */ = {isa = PBXFileReference; lastKnownFileType = wrapper.framework; name = CFNetwork.framework; path = System/Library/Frameworks/CFNetwork.framework; sourceTree = SDKROOT; };
		33E1B12C1B28A0AF00B10155 /* CoreGraphics.framework */ = {isa = PBXFileReference; lastKnownFileType = wrapper.framework; name = CoreGraphics.framework; path = System/Library/Frameworks/CoreGraphics.framework; sourceTree = SDKROOT; };
		33E1B12E1B28A0BE00B10155 /* CoreLocation.framework */ = {isa = PBXFileReference; lastKnownFileType = wrapper.framework; name = CoreLocation.framework; path = System/Library/Frameworks/CoreLocation.framework; sourceTree = SDKROOT; };
		33E1B1301B28A0C800B10155 /* MobileCoreServices.framework */ = {isa = PBXFileReference; lastKnownFileType = wrapper.framework; name = MobileCoreServices.framework; path = System/Library/Frameworks/MobileCoreServices.framework; sourceTree = SDKROOT; };
		33E1B1321B28A0CF00B10155 /* QuartzCore.framework */ = {isa = PBXFileReference; lastKnownFileType = wrapper.framework; name = QuartzCore.framework; path = System/Library/Frameworks/QuartzCore.framework; sourceTree = SDKROOT; };
		33E1B1341B28A0D500B10155 /* Security.framework */ = {isa = PBXFileReference; lastKnownFileType = wrapper.framework; name = Security.framework; path = System/Library/Frameworks/Security.framework; sourceTree = SDKROOT; };
		33E1B1381B28A0E200B10155 /* SystemConfiguration.framework */ = {isa = PBXFileReference; lastKnownFileType = wrapper.framework; name = SystemConfiguration.framework; path = System/Library/Frameworks/SystemConfiguration.framework; sourceTree = SDKROOT; };
		33E1B13A1B28A0E800B10155 /* libz.dylib */ = {isa = PBXFileReference; lastKnownFileType = "compiled.mach-o.dylib"; name = libz.dylib; path = usr/lib/libz.dylib; sourceTree = SDKROOT; };
		33E1B13C1B28A0EE00B10155 /* libsqlite3.dylib */ = {isa = PBXFileReference; lastKnownFileType = "compiled.mach-o.dylib"; name = libsqlite3.dylib; path = usr/lib/libsqlite3.dylib; sourceTree = SDKROOT; };
		33E1B13E1B28A0F300B10155 /* Accounts.framework */ = {isa = PBXFileReference; lastKnownFileType = wrapper.framework; name = Accounts.framework; path = System/Library/Frameworks/Accounts.framework; sourceTree = SDKROOT; };
		33E1B1401B28A0F700B10155 /* Social.framework */ = {isa = PBXFileReference; lastKnownFileType = wrapper.framework; name = Social.framework; path = System/Library/Frameworks/Social.framework; sourceTree = SDKROOT; };
/* End PBXFileReference section */

/* Begin PBXFrameworksBuildPhase section */
		33E1B0F71B28A01800B10155 /* Frameworks */ = {
			isa = PBXFrameworksBuildPhase;
			buildActionMask = 2147483647;
			files = (
				33E1B1411B28A0F700B10155 /* Social.framework in Frameworks */,
				33E1B13F1B28A0F300B10155 /* Accounts.framework in Frameworks */,
				33E1B13D1B28A0EE00B10155 /* libsqlite3.dylib in Frameworks */,
				33E1B13B1B28A0E800B10155 /* libz.dylib in Frameworks */,
				33E1B1391B28A0E200B10155 /* SystemConfiguration.framework in Frameworks */,
				33E1B1351B28A0D500B10155 /* Security.framework in Frameworks */,
				33E1B1331B28A0CF00B10155 /* QuartzCore.framework in Frameworks */,
				33E1B1311B28A0C800B10155 /* MobileCoreServices.framework in Frameworks */,
				33E1B12F1B28A0BE00B10155 /* CoreLocation.framework in Frameworks */,
				33E1B12D1B28A0AF00B10155 /* CoreGraphics.framework in Frameworks */,
				33E1B12B1B28A0A900B10155 /* CFNetwork.framework in Frameworks */,
				33E1B1291B28A06600B10155 /* AudioToolbox.framework in Frameworks */,
				338424151B2ADF00002C7E1F /* ParseUI.framework in Frameworks */,
				33E1B1271B28A05F00B10155 /* Parse.framework in Frameworks */,
				33E1B1261B28A05F00B10155 /* Bolts.framework in Frameworks */,
			);
			runOnlyForDeploymentPostprocessing = 0;
		};
		33E1B1101B28A01900B10155 /* Frameworks */ = {
			isa = PBXFrameworksBuildPhase;
			buildActionMask = 2147483647;
			files = (
			);
			runOnlyForDeploymentPostprocessing = 0;
		};
/* End PBXFrameworksBuildPhase section */

/* Begin PBXGroup section */
		33A9931A1B2AEA010047C256 /* View */ = {
			isa = PBXGroup;
			children = (
				33A9931E1B2AEA660047C256 /* ActivityViewCell.h */,
				33A9931F1B2AEA660047C256 /* ActivityViewCell.m */,
				335606F31B2E067100A4546E /* ChartView.h */,
				335606F41B2E067100A4546E /* ChartView.m */,
			);
			name = View;
			sourceTree = "<group>";
		};
		33E1B0F11B28A01800B10155 = {
			isa = PBXGroup;
			children = (
				33E1B0FC1B28A01800B10155 /* UserActivity */,
				33E1B1161B28A01900B10155 /* UserActivityTests */,
				33E1B0FB1B28A01800B10155 /* Products */,
			);
			sourceTree = "<group>";
		};
		33E1B0FB1B28A01800B10155 /* Products */ = {
			isa = PBXGroup;
			children = (
				33E1B0FA1B28A01800B10155 /* UserActivity.app */,
				33E1B1131B28A01900B10155 /* UserActivityTests.xctest */,
			);
			name = Products;
			sourceTree = "<group>";
		};
		33E1B0FC1B28A01800B10155 /* UserActivity */ = {
			isa = PBXGroup;
			children = (
				33A9931A1B2AEA010047C256 /* View */,
				33E1B1421B28BCEA00B10155 /* Model */,
				33E1B1041B28A01800B10155 /* UAViewController.h */,
				33E1B1051B28A01800B10155 /* UAViewController.m */,
				33D5BD721B3985F900968E85 /* UASelectDateViewController.h */,
				33D5BD731B3985F900968E85 /* UASelectDateViewController.m */,
				33D5BD661B30077C00968E85 /* UALoginViewController.h */,
				33D5BD671B30077C00968E85 /* UALoginViewController.m */,
				33E1B1071B28A01800B10155 /* Main.storyboard */,
				33E1B10A1B28A01800B10155 /* Images.xcassets */,
				33E1B10C1B28A01800B10155 /* LaunchScreen.xib */,
				33E1B1231B28A02300B10155 /* Frameworks */,
				33E1B0FD1B28A01800B10155 /* Supporting Files */,
			);
			path = UserActivity;
			sourceTree = "<group>";
		};
		33E1B0FD1B28A01800B10155 /* Supporting Files */ = {
			isa = PBXGroup;
			children = (
				33E1B1011B28A01800B10155 /* AppDelegate.h */,
				33E1B1021B28A01800B10155 /* AppDelegate.m */,
				33E1B0FE1B28A01800B10155 /* Info.plist */,
				33E1B0FF1B28A01800B10155 /* main.m */,
			);
			name = "Supporting Files";
			sourceTree = "<group>";
		};
		33E1B1161B28A01900B10155 /* UserActivityTests */ = {
			isa = PBXGroup;
			children = (
				33E1B1191B28A01900B10155 /* UserActivityTests.m */,
				33E1B1171B28A01900B10155 /* Supporting Files */,
			);
			path = UserActivityTests;
			sourceTree = "<group>";
		};
		33E1B1171B28A01900B10155 /* Supporting Files */ = {
			isa = PBXGroup;
			children = (
				33E1B1181B28A01900B10155 /* Info.plist */,
			);
			name = "Supporting Files";
			sourceTree = "<group>";
		};
		33E1B1231B28A02300B10155 /* Frameworks */ = {
			isa = PBXGroup;
			children = (
				338424141B2ADF00002C7E1F /* ParseUI.framework */,
				33E1B1401B28A0F700B10155 /* Social.framework */,
				33E1B13E1B28A0F300B10155 /* Accounts.framework */,
				33E1B13C1B28A0EE00B10155 /* libsqlite3.dylib */,
				33E1B13A1B28A0E800B10155 /* libz.dylib */,
				33E1B1381B28A0E200B10155 /* SystemConfiguration.framework */,
				33E1B1341B28A0D500B10155 /* Security.framework */,
				33E1B1321B28A0CF00B10155 /* QuartzCore.framework */,
				33E1B1301B28A0C800B10155 /* MobileCoreServices.framework */,
				33E1B12E1B28A0BE00B10155 /* CoreLocation.framework */,
				33E1B12C1B28A0AF00B10155 /* CoreGraphics.framework */,
				33E1B12A1B28A0A900B10155 /* CFNetwork.framework */,
				33E1B1281B28A06600B10155 /* AudioToolbox.framework */,
				33E1B1241B28A05F00B10155 /* Bolts.framework */,
				33E1B1251B28A05F00B10155 /* Parse.framework */,
			);
			name = Frameworks;
			sourceTree = "<group>";
		};
		33E1B1421B28BCEA00B10155 /* Model */ = {
			isa = PBXGroup;
			children = (
				335606F91B2E1EF700A4546E /* DataServiceProtocol.h */,
				335606FA1B2E1EF700A4546E /* ParseService.h */,
				335606FB1B2E1EF700A4546E /* ParseService.m */,
				335606FC1B2E1EF700A4546E /* UserDataServiceManager.h */,
				335606FD1B2E1EF700A4546E /* UserDataServiceManager.m */,
				335607061B2E21CB00A4546E /* ParserProtocol.h */,
				335607071B2E220500A4546E /* ParseParser.h */,
				335607081B2E220500A4546E /* ParseParser.m */,
				3356070A1B2E227600A4546E /* UserActivity.h */,
				3356070B1B2E227600A4546E /* UserActivity.m */,
				33D5BD6F1B39687700968E85 /* UAModel.h */,
				33D5BD701B39687700968E85 /* UAModel.m */,
			);
			name = Model;
			sourceTree = "<group>";
		};
/* End PBXGroup section */

/* Begin PBXNativeTarget section */
		33E1B0F91B28A01800B10155 /* UserActivity */ = {
			isa = PBXNativeTarget;
			buildConfigurationList = 33E1B11D1B28A01900B10155 /* Build configuration list for PBXNativeTarget "UserActivity" */;
			buildPhases = (
				33E1B0F61B28A01800B10155 /* Sources */,
				33E1B0F71B28A01800B10155 /* Frameworks */,
				33E1B0F81B28A01800B10155 /* Resources */,
			);
			buildRules = (
			);
			dependencies = (
			);
			name = UserActivity;
			productName = UserActivity;
			productReference = 33E1B0FA1B28A01800B10155 /* UserActivity.app */;
			productType = "com.apple.product-type.application";
		};
		33E1B1121B28A01900B10155 /* UserActivityTests */ = {
			isa = PBXNativeTarget;
			buildConfigurationList = 33E1B1201B28A01900B10155 /* Build configuration list for PBXNativeTarget "UserActivityTests" */;
			buildPhases = (
				33E1B10F1B28A01900B10155 /* Sources */,
				33E1B1101B28A01900B10155 /* Frameworks */,
				33E1B1111B28A01900B10155 /* Resources */,
			);
			buildRules = (
			);
			dependencies = (
				33E1B1151B28A01900B10155 /* PBXTargetDependency */,
			);
			name = UserActivityTests;
			productName = UserActivityTests;
			productReference = 33E1B1131B28A01900B10155 /* UserActivityTests.xctest */;
			productType = "com.apple.product-type.bundle.unit-test";
		};
/* End PBXNativeTarget section */

/* Begin PBXProject section */
		33E1B0F21B28A01800B10155 /* Project object */ = {
			isa = PBXProject;
			attributes = {
				LastUpgradeCheck = 0630;
				ORGANIZATIONNAME = bitelz;
				TargetAttributes = {
					33E1B0F91B28A01800B10155 = {
						CreatedOnToolsVersion = 6.3.2;
						DevelopmentTeam = 36NDC4TY8J;
						SystemCapabilities = {
							com.apple.InAppPurchase = {
								enabled = 0;
							};
						};
					};
					33E1B1121B28A01900B10155 = {
						CreatedOnToolsVersion = 6.3.2;
						TestTargetID = 33E1B0F91B28A01800B10155;
					};
				};
			};
			buildConfigurationList = 33E1B0F51B28A01800B10155 /* Build configuration list for PBXProject "UserActivity" */;
			compatibilityVersion = "Xcode 3.2";
			developmentRegion = English;
			hasScannedForEncodings = 0;
			knownRegions = (
				en,
				Base,
			);
			mainGroup = 33E1B0F11B28A01800B10155;
			productRefGroup = 33E1B0FB1B28A01800B10155 /* Products */;
			projectDirPath = "";
			projectRoot = "";
			targets = (
				33E1B0F91B28A01800B10155 /* UserActivity */,
				33E1B1121B28A01900B10155 /* UserActivityTests */,
			);
		};
/* End PBXProject section */

/* Begin PBXResourcesBuildPhase section */
		33E1B0F81B28A01800B10155 /* Resources */ = {
			isa = PBXResourcesBuildPhase;
			buildActionMask = 2147483647;
			files = (
				33E1B1091B28A01800B10155 /* Main.storyboard in Resources */,
				33E1B10E1B28A01800B10155 /* LaunchScreen.xib in Resources */,
				33E1B10B1B28A01800B10155 /* Images.xcassets in Resources */,
			);
			runOnlyForDeploymentPostprocessing = 0;
		};
		33E1B1111B28A01900B10155 /* Resources */ = {
			isa = PBXResourcesBuildPhase;
			buildActionMask = 2147483647;
			files = (
			);
			runOnlyForDeploymentPostprocessing = 0;
		};
/* End PBXResourcesBuildPhase section */

/* Begin PBXSourcesBuildPhase section */
		33E1B0F61B28A01800B10155 /* Sources */ = {
			isa = PBXSourcesBuildPhase;
			buildActionMask = 2147483647;
			files = (
				335606FE1B2E1EF700A4546E /* ParseService.m in Sources */,
				33E1B1061B28A01800B10155 /* UAViewController.m in Sources */,
				335606F51B2E067100A4546E /* ChartView.m in Sources */,
				3356070C1B2E227600A4546E /* UserActivity.m in Sources */,
				33E1B1031B28A01800B10155 /* AppDelegate.m in Sources */,
				33D5BD681B30077C00968E85 /* UALoginViewController.m in Sources */,
				33E1B1001B28A01800B10155 /* main.m in Sources */,
				33D5BD741B3985F900968E85 /* UASelectDateViewController.m in Sources */,
				335607091B2E220500A4546E /* ParseParser.m in Sources */,
				33A993201B2AEA660047C256 /* ActivityViewCell.m in Sources */,
				335606FF1B2E1EF700A4546E /* UserDataServiceManager.m in Sources */,
				33D5BD711B39687700968E85 /* UAModel.m in Sources */,
			);
			runOnlyForDeploymentPostprocessing = 0;
		};
		33E1B10F1B28A01900B10155 /* Sources */ = {
			isa = PBXSourcesBuildPhase;
			buildActionMask = 2147483647;
			files = (
				33E1B11A1B28A01900B10155 /* UserActivityTests.m in Sources */,
			);
			runOnlyForDeploymentPostprocessing = 0;
		};
/* End PBXSourcesBuildPhase section */

/* Begin PBXTargetDependency section */
		33E1B1151B28A01900B10155 /* PBXTargetDependency */ = {
			isa = PBXTargetDependency;
			target = 33E1B0F91B28A01800B10155 /* UserActivity */;
			targetProxy = 33E1B1141B28A01900B10155 /* PBXContainerItemProxy */;
		};
/* End PBXTargetDependency section */

/* Begin PBXVariantGroup section */
		33E1B1071B28A01800B10155 /* Main.storyboard */ = {
			isa = PBXVariantGroup;
			children = (
				33E1B1081B28A01800B10155 /* Base */,
			);
			name = Main.storyboard;
			sourceTree = "<group>";
		};
		33E1B10C1B28A01800B10155 /* LaunchScreen.xib */ = {
			isa = PBXVariantGroup;
			children = (
				33E1B10D1B28A01800B10155 /* Base */,
			);
			name = LaunchScreen.xib;
			sourceTree = "<group>";
		};
/* End PBXVariantGroup section */

/* Begin XCBuildConfiguration section */
		33E1B11B1B28A01900B10155 /* Debug */ = {
			isa = XCBuildConfiguration;
			buildSettings = {
				ALWAYS_SEARCH_USER_PATHS = NO;
				CLANG_CXX_LANGUAGE_STANDARD = "gnu++0x";
				CLANG_CXX_LIBRARY = "libc++";
				CLANG_ENABLE_MODULES = YES;
				CLANG_ENABLE_OBJC_ARC = YES;
				CLANG_WARN_BOOL_CONVERSION = YES;
				CLANG_WARN_CONSTANT_CONVERSION = YES;
				CLANG_WARN_DIRECT_OBJC_ISA_USAGE = YES_ERROR;
				CLANG_WARN_EMPTY_BODY = YES;
				CLANG_WARN_ENUM_CONVERSION = YES;
				CLANG_WARN_INT_CONVERSION = YES;
				CLANG_WARN_OBJC_ROOT_CLASS = YES_ERROR;
				CLANG_WARN_UNREACHABLE_CODE = YES;
				CLANG_WARN__DUPLICATE_METHOD_MATCH = YES;
				"CODE_SIGN_IDENTITY[sdk=iphoneos*]" = "iPhone Developer";
				COPY_PHASE_STRIP = NO;
				DEBUG_INFORMATION_FORMAT = "dwarf-with-dsym";
				ENABLE_STRICT_OBJC_MSGSEND = YES;
				GCC_C_LANGUAGE_STANDARD = gnu99;
				GCC_DYNAMIC_NO_PIC = NO;
				GCC_NO_COMMON_BLOCKS = YES;
				GCC_OPTIMIZATION_LEVEL = 0;
				GCC_PREPROCESSOR_DEFINITIONS = (
					"DEBUG=1",
					"$(inherited)",
				);
				GCC_SYMBOLS_PRIVATE_EXTERN = NO;
				GCC_WARN_64_TO_32_BIT_CONVERSION = YES;
				GCC_WARN_ABOUT_RETURN_TYPE = YES_ERROR;
				GCC_WARN_UNDECLARED_SELECTOR = YES;
				GCC_WARN_UNINITIALIZED_AUTOS = YES_AGGRESSIVE;
				GCC_WARN_UNUSED_FUNCTION = YES;
				GCC_WARN_UNUSED_VARIABLE = YES;
				IPHONEOS_DEPLOYMENT_TARGET = 8.3;
				MTL_ENABLE_DEBUG_INFO = YES;
				ONLY_ACTIVE_ARCH = YES;
				SDKROOT = iphoneos;
			};
			name = Debug;
		};
		33E1B11C1B28A01900B10155 /* Release */ = {
			isa = XCBuildConfiguration;
			buildSettings = {
				ALWAYS_SEARCH_USER_PATHS = NO;
				CLANG_CXX_LANGUAGE_STANDARD = "gnu++0x";
				CLANG_CXX_LIBRARY = "libc++";
				CLANG_ENABLE_MODULES = YES;
				CLANG_ENABLE_OBJC_ARC = YES;
				CLANG_WARN_BOOL_CONVERSION = YES;
				CLANG_WARN_CONSTANT_CONVERSION = YES;
				CLANG_WARN_DIRECT_OBJC_ISA_USAGE = YES_ERROR;
				CLANG_WARN_EMPTY_BODY = YES;
				CLANG_WARN_ENUM_CONVERSION = YES;
				CLANG_WARN_INT_CONVERSION = YES;
				CLANG_WARN_OBJC_ROOT_CLASS = YES_ERROR;
				CLANG_WARN_UNREACHABLE_CODE = YES;
				CLANG_WARN__DUPLICATE_METHOD_MATCH = YES;
				"CODE_SIGN_IDENTITY[sdk=iphoneos*]" = "iPhone Developer";
				COPY_PHASE_STRIP = NO;
				DEBUG_INFORMATION_FORMAT = "dwarf-with-dsym";
				ENABLE_NS_ASSERTIONS = NO;
				ENABLE_STRICT_OBJC_MSGSEND = YES;
				GCC_C_LANGUAGE_STANDARD = gnu99;
				GCC_NO_COMMON_BLOCKS = YES;
				GCC_WARN_64_TO_32_BIT_CONVERSION = YES;
				GCC_WARN_ABOUT_RETURN_TYPE = YES_ERROR;
				GCC_WARN_UNDECLARED_SELECTOR = YES;
				GCC_WARN_UNINITIALIZED_AUTOS = YES_AGGRESSIVE;
				GCC_WARN_UNUSED_FUNCTION = YES;
				GCC_WARN_UNUSED_VARIABLE = YES;
				IPHONEOS_DEPLOYMENT_TARGET = 8.3;
				MTL_ENABLE_DEBUG_INFO = NO;
				SDKROOT = iphoneos;
				VALIDATE_PRODUCT = YES;
			};
			name = Release;
		};
		33E1B11E1B28A01900B10155 /* Debug */ = {
			isa = XCBuildConfiguration;
			buildSettings = {
				ASSETCATALOG_COMPILER_APPICON_NAME = AppIcon;
				CODE_SIGN_IDENTITY = "iPhone Developer";
				FRAMEWORK_SEARCH_PATHS = (
					"$(inherited)",
					"$(PROJECT_DIR)/UserActivity",
				);
				INFOPLIST_FILE = UserActivity/Info.plist;
				LD_RUNPATH_SEARCH_PATHS = "$(inherited) @executable_path/Frameworks";
				PRODUCT_NAME = "$(TARGET_NAME)";
			};
			name = Debug;
		};
		33E1B11F1B28A01900B10155 /* Release */ = {
			isa = XCBuildConfiguration;
			buildSettings = {
				ASSETCATALOG_COMPILER_APPICON_NAME = AppIcon;
				CODE_SIGN_IDENTITY = "iPhone Developer";
				FRAMEWORK_SEARCH_PATHS = (
					"$(inherited)",
					"$(PROJECT_DIR)/UserActivity",
				);
				INFOPLIST_FILE = UserActivity/Info.plist;
				LD_RUNPATH_SEARCH_PATHS = "$(inherited) @executable_path/Frameworks";
				PRODUCT_NAME = "$(TARGET_NAME)";
			};
			name = Release;
		};
		33E1B1211B28A01900B10155 /* Debug */ = {
			isa = XCBuildConfiguration;
			buildSettings = {
				BUNDLE_LOADER = "$(TEST_HOST)";
				FRAMEWORK_SEARCH_PATHS = (
					"$(SDKROOT)/Developer/Library/Frameworks",
					"$(inherited)",
				);
				GCC_PREPROCESSOR_DEFINITIONS = (
					"DEBUG=1",
					"$(inherited)",
				);
				INFOPLIST_FILE = UserActivityTests/Info.plist;
				LD_RUNPATH_SEARCH_PATHS = "$(inherited) @executable_path/Frameworks @loader_path/Frameworks";
				PRODUCT_NAME = "$(TARGET_NAME)";
				TEST_HOST = "$(BUILT_PRODUCTS_DIR)/UserActivity.app/UserActivity";
			};
			name = Debug;
		};
		33E1B1221B28A01900B10155 /* Release */ = {
			isa = XCBuildConfiguration;
			buildSettings = {
				BUNDLE_LOADER = "$(TEST_HOST)";
				FRAMEWORK_SEARCH_PATHS = (
					"$(SDKROOT)/Developer/Library/Frameworks",
					"$(inherited)",
				);
				INFOPLIST_FILE = UserActivityTests/Info.plist;
				LD_RUNPATH_SEARCH_PATHS = "$(inherited) @executable_path/Frameworks @loader_path/Frameworks";
				PRODUCT_NAME = "$(TARGET_NAME)";
				TEST_HOST = "$(BUILT_PRODUCTS_DIR)/UserActivity.app/UserActivity";
			};
			name = Release;
		};
/* End XCBuildConfiguration section */

/* Begin XCConfigurationList section */
		33E1B0F51B28A01800B10155 /* Build configuration list for PBXProject "UserActivity" */ = {
			isa = XCConfigurationList;
			buildConfigurations = (
				33E1B11B1B28A01900B10155 /* Debug */,
				33E1B11C1B28A01900B10155 /* Release */,
			);
			defaultConfigurationIsVisible = 0;
			defaultConfigurationName = Release;
		};
		33E1B11D1B28A01900B10155 /* Build configuration list for PBXNativeTarget "UserActivity" */ = {
			isa = XCConfigurationList;
			buildConfigurations = (
				33E1B11E1B28A01900B10155 /* Debug */,
				33E1B11F1B28A01900B10155 /* Release */,
			);
			defaultConfigurationIsVisible = 0;
			defaultConfigurationName = Release;
		};
		33E1B1201B28A01900B10155 /* Build configuration list for PBXNativeTarget "UserActivityTests" */ = {
			isa = XCConfigurationList;
			buildConfigurations = (
				33E1B1211B28A01900B10155 /* Debug */,
				33E1B1221B28A01900B10155 /* Release */,
			);
			defaultConfigurationIsVisible = 0;
			defaultConfigurationName = Release;
		};
/* End XCConfigurationList section */
	};
	rootObject = 33E1B0F21B28A01800B10155 /* Project object */;
}
